
Microsoft Visual Studio Solution File, Format Version 12.00
# Visual Studio 15
VisualStudioVersion = 15.0.28010.2016
MinimumVisualStudioVersion = 10.0.40219.1
Project("{E24C65DC-7377-472B-9ABA-BC803B73C61A}") = "MyCloudSite.Web", "MyCloudSite.Web\", "{AFB6E8A9-336F-4518-B2F3-39A49403E8B3}"
	ProjectSection(WebsiteProperties) = preProject
		TargetFrameworkMoniker = ".NETFramework,Version%3Dv4.5"
		ProjectReferences = "{fe625fcd-627f-448f-8294-23af9968c74d}|MyCloudSite.Core.dll;"
		Debug.AspNetCompiler.VirtualPath = "/localhost_9692"
		Debug.AspNetCompiler.PhysicalPath = "MyCloudSite.Web\"
		Debug.AspNetCompiler.TargetPath = "PrecompiledWeb\localhost_9692\"
		Debug.AspNetCompiler.Updateable = "true"
		Debug.AspNetCompiler.ForceOverwrite = "true"
		Debug.AspNetCompiler.FixedNames = "false"
		Debug.AspNetCompiler.Debug = "True"
		Release.AspNetCompiler.VirtualPath = "/localhost_9692"
		Release.AspNetCompiler.PhysicalPath = "MyCloudSite.Web\"
		Release.AspNetCompiler.TargetPath = "PrecompiledWeb\localhost_9692\"
		Release.AspNetCompiler.Updateable = "true"
		Release.AspNetCompiler.ForceOverwrite = "true"
		Release.AspNetCompiler.FixedNames = "false"
		Release.AspNetCompiler.Debug = "False"
		VWDPort = "9692"
		SlnRelativePath = "MyCloudSite.Web\"
		DefaultWebSiteLanguage = "Visual C#"
	EndProjectSection
	ProjectSection(ProjectDependencies) = postProject
		{FE625FCD-627F-448F-8294-23AF9968C74D} = {FE625FCD-627F-448F-8294-23AF9968C74D}
	EndProjectSection
EndProject
Project("{FAE04EC0-301F-11D3-BF4B-00C04F79EFBC}") = "MyCloudSite.Core", "MyCloudSite.Core\MyCloudSite.Core.csproj", "{FE625FCD-627F-448F-8294-23AF9968C74D}"
EndProject
Global
	GlobalSection(SolutionConfigurationPlatforms) = preSolution
		Debug|Any CPU = Debug|Any CPU
		Release|Any CPU = Release|Any CPU
	EndGlobalSection
	GlobalSection(ProjectConfigurationPlatforms) = postSolution
		{AFB6E8A9-336F-4518-B2F3-39A49403E8B3}.Debug|Any CPU.ActiveCfg = Debug|Any CPU
		{AFB6E8A9-336F-4518-B2F3-39A49403E8B3}.Release|Any CPU.ActiveCfg = Debug|Any CPU
		{FE625FCD-627F-448F-8294-23AF9968C74D}.Debug|Any CPU.ActiveCfg = Debug|Any CPU
		{FE625FCD-627F-448F-8294-23AF9968C74D}.Debug|Any CPU.Build.0 = Debug|Any CPU
		{FE625FCD-627F-448F-8294-23AF9968C74D}.Release|Any CPU.ActiveCfg = Release|Any CPU
		{FE625FCD-627F-448F-8294-23AF9968C74D}.Release|Any CPU.Build.0 = Release|Any CPU
	EndGlobalSection
	GlobalSection(SolutionProperties) = preSolution
		HideSolutionNode = FALSE
	EndGlobalSection
	GlobalSection(ExtensibilityGlobals) = postSolution
		SolutionGuid = {1EFFDB44-3E3A-4780-AD90-A85F5C39C8CD}
	EndGlobalSection
EndGlobal
